
Microsoft Visual Studio Solution File, Format Version 12.00
# Visual Studio Version 16
VisualStudioVersion = 16.0.29403.142
MinimumVisualStudioVersion = 10.0.40219.1
Project("{9A19103F-16F7-4668-BE54-9A1E7A4F7556}") = "DwLang", "DwLang\DwLang.csproj", "{15C152BB-543F-4E94-BFF9-D192EA327F00}"
EndProject
Project("{9A19103F-16F7-4668-BE54-9A1E7A4F7556}") = "DwLang.Language", "DwLang.Language\DwLang.Language.csproj", "{8F26EBD2-0621-46F6-A18D-2EF4578D3A89}"
EndProject
Project("{FAE04EC0-301F-11D3-BF4B-00C04F79EFBC}") = "DwLang.Tests", "DwLang.Tests\DwLang.Tests.csproj", "{4D16E232-F1D5-4363-A74F-613C62E38F90}"
EndProject
Global
	GlobalSection(SolutionConfigurationPlatforms) = preSolution
		Debug|Any CPU = Debug|Any CPU
		Release|Any CPU = Release|Any CPU
	EndGlobalSection
	GlobalSection(ProjectConfigurationPlatforms) = postSolution
		{15C152BB-543F-4E94-BFF9-D192EA327F00}.Debug|Any CPU.ActiveCfg = Debug|Any CPU
		{15C152BB-543F-4E94-BFF9-D192EA327F00}.Debug|Any CPU.Build.0 = Debug|Any CPU
		{15C152BB-543F-4E94-BFF9-D192EA327F00}.Release|Any CPU.ActiveCfg = Release|Any CPU
		{15C152BB-543F-4E94-BFF9-D192EA327F00}.Release|Any CPU.Build.0 = Release|Any CPU
		{8F26EBD2-0621-46F6-A18D-2EF4578D3A89}.Debug|Any CPU.ActiveCfg = Debug|Any CPU
		{8F26EBD2-0621-46F6-A18D-2EF4578D3A89}.Debug|Any CPU.Build.0 = Debug|Any CPU
		{8F26EBD2-0621-46F6-A18D-2EF4578D3A89}.Release|Any CPU.ActiveCfg = Release|Any CPU
		{8F26EBD2-0621-46F6-A18D-2EF4578D3A89}.Release|Any CPU.Build.0 = Release|Any CPU
		{4D16E232-F1D5-4363-A74F-613C62E38F90}.Debug|Any CPU.ActiveCfg = Debug|Any CPU
		{4D16E232-F1D5-4363-A74F-613C62E38F90}.Debug|Any CPU.Build.0 = Debug|Any CPU
		{4D16E232-F1D5-4363-A74F-613C62E38F90}.Release|Any CPU.ActiveCfg = Release|Any CPU
		{4D16E232-F1D5-4363-A74F-613C62E38F90}.Release|Any CPU.Build.0 = Release|Any CPU
	EndGlobalSection
	GlobalSection(SolutionProperties) = preSolution
		HideSolutionNode = FALSE
	EndGlobalSection
	GlobalSection(ExtensibilityGlobals) = postSolution
		SolutionGuid = {EEE7D61E-BB9F-415F-BA72-7A732D1B2619}
	EndGlobalSection
EndGlobal
