
Microsoft Visual Studio Solution File, Format Version 12.00
# Visual Studio Version 16
VisualStudioVersion = 16.0.29403.142
MinimumVisualStudioVersion = 10.0.40219.1
Project("{FAE04EC0-301F-11D3-BF4B-00C04F79EFBC}") = "DwLang", "DwLang\DwLang.csproj", "{9179722F-578A-414D-8756-C6C7D669AD16}"
EndProject
Global
	GlobalSection(SolutionConfigurationPlatforms) = preSolution
		Debug|Any CPU = Debug|Any CPU
		Release|Any CPU = Release|Any CPU
	EndGlobalSection
	GlobalSection(ProjectConfigurationPlatforms) = postSolution
		{9179722F-578A-414D-8756-C6C7D669AD16}.Debug|Any CPU.ActiveCfg = Debug|Any CPU
		{9179722F-578A-414D-8756-C6C7D669AD16}.Debug|Any CPU.Build.0 = Debug|Any CPU
		{9179722F-578A-414D-8756-C6C7D669AD16}.Release|Any CPU.ActiveCfg = Release|Any CPU
		{9179722F-578A-414D-8756-C6C7D669AD16}.Release|Any CPU.Build.0 = Release|Any CPU
	EndGlobalSection
	GlobalSection(SolutionProperties) = preSolution
		HideSolutionNode = FALSE
	EndGlobalSection
	GlobalSection(ExtensibilityGlobals) = postSolution
		SolutionGuid = {EEE7D61E-BB9F-415F-BA72-7A732D1B2619}
	EndGlobalSection
EndGlobal
